
Microsoft Visual Studio Solution File, Format Version 12.00
# Visual Studio 2012
Project("{FAE04EC0-301F-11D3-BF4B-00C04F79EFBC}") = "AcquisitionCardTest", "AcquisitionCardTest\AcquisitionCardTest.csproj", "{103506E1-BA2E-4EEB-B48A-AE6EAF5B0810}"
EndProject
Project("{FAE04EC0-301F-11D3-BF4B-00C04F79EFBC}") = "AcquisitionCardLib", "AcquisitionCardLib\AcquisitionCardLib.csproj", "{6809F6D0-38E5-42DE-A535-11399209014D}"
EndProject
Project("{FAE04EC0-301F-11D3-BF4B-00C04F79EFBC}") = "ConsoleApplication1", "ConsoleApplication1\ConsoleApplication1.csproj", "{B6FB845A-D377-4AAC-9BBD-685BBC4B3C50}"
EndProject
Project("{FAE04EC0-301F-11D3-BF4B-00C04F79EFBC}") = "AcquisitionSocketServer", "AcquisitionSocketServer\AcquisitionSocketServer.csproj", "{174E4DDA-E3E7-4821-9580-0E261404AB4B}"
EndProject
Global
	GlobalSection(SolutionConfigurationPlatforms) = preSolution
		Debug|Any CPU = Debug|Any CPU
		Debug|x86 = Debug|x86
		Release|Any CPU = Release|Any CPU
		Release|x86 = Release|x86
	EndGlobalSection
	GlobalSection(ProjectConfigurationPlatforms) = postSolution
		{103506E1-BA2E-4EEB-B48A-AE6EAF5B0810}.Debug|Any CPU.ActiveCfg = Debug|Any CPU
		{103506E1-BA2E-4EEB-B48A-AE6EAF5B0810}.Debug|Any CPU.Build.0 = Debug|Any CPU
		{103506E1-BA2E-4EEB-B48A-AE6EAF5B0810}.Debug|x86.ActiveCfg = Debug|Any CPU
		{103506E1-BA2E-4EEB-B48A-AE6EAF5B0810}.Release|Any CPU.ActiveCfg = Release|Any CPU
		{103506E1-BA2E-4EEB-B48A-AE6EAF5B0810}.Release|Any CPU.Build.0 = Release|Any CPU
		{103506E1-BA2E-4EEB-B48A-AE6EAF5B0810}.Release|x86.ActiveCfg = Release|Any CPU
		{6809F6D0-38E5-42DE-A535-11399209014D}.Debug|Any CPU.ActiveCfg = Debug|Any CPU
		{6809F6D0-38E5-42DE-A535-11399209014D}.Debug|Any CPU.Build.0 = Debug|Any CPU
		{6809F6D0-38E5-42DE-A535-11399209014D}.Debug|x86.ActiveCfg = Debug|Any CPU
		{6809F6D0-38E5-42DE-A535-11399209014D}.Release|Any CPU.ActiveCfg = Release|Any CPU
		{6809F6D0-38E5-42DE-A535-11399209014D}.Release|Any CPU.Build.0 = Release|Any CPU
		{6809F6D0-38E5-42DE-A535-11399209014D}.Release|x86.ActiveCfg = Release|Any CPU
		{B6FB845A-D377-4AAC-9BBD-685BBC4B3C50}.Debug|Any CPU.ActiveCfg = Debug|Any CPU
		{B6FB845A-D377-4AAC-9BBD-685BBC4B3C50}.Debug|Any CPU.Build.0 = Debug|Any CPU
		{B6FB845A-D377-4AAC-9BBD-685BBC4B3C50}.Debug|x86.ActiveCfg = Debug|Any CPU
		{B6FB845A-D377-4AAC-9BBD-685BBC4B3C50}.Release|Any CPU.ActiveCfg = Release|Any CPU
		{B6FB845A-D377-4AAC-9BBD-685BBC4B3C50}.Release|Any CPU.Build.0 = Release|Any CPU
		{B6FB845A-D377-4AAC-9BBD-685BBC4B3C50}.Release|x86.ActiveCfg = Release|Any CPU
		{174E4DDA-E3E7-4821-9580-0E261404AB4B}.Debug|Any CPU.ActiveCfg = Debug|Any CPU
		{174E4DDA-E3E7-4821-9580-0E261404AB4B}.Debug|Any CPU.Build.0 = Debug|Any CPU
		{174E4DDA-E3E7-4821-9580-0E261404AB4B}.Debug|x86.ActiveCfg = Debug|Any CPU
		{174E4DDA-E3E7-4821-9580-0E261404AB4B}.Release|Any CPU.ActiveCfg = Release|Any CPU
		{174E4DDA-E3E7-4821-9580-0E261404AB4B}.Release|Any CPU.Build.0 = Release|Any CPU
		{174E4DDA-E3E7-4821-9580-0E261404AB4B}.Release|x86.ActiveCfg = Release|Any CPU
	EndGlobalSection
	GlobalSection(SolutionProperties) = preSolution
		HideSolutionNode = FALSE
	EndGlobalSection
EndGlobal
